// !$*UTF8*$!
{
	archiveVersion = 1;
	classes = {
	};
	objectVersion = 46;
	objects = {

/* Begin PBXBuildFile section */
		7C31AC683ECCBAEF441F53E7 /* Pods_xxxUITests.framework in Frameworks */ = {isa = PBXBuildFile; fileRef = 61864407AB4425D1B6589B65 /* Pods_xxxUITests.framework */; };
		A25E60C81E6D713B0095F749 /* AppDelegate.swift in Sources */ = {isa = PBXBuildFile; fileRef = A25E60C71E6D713B0095F749 /* AppDelegate.swift */; };
		A25E60CA1E6D713B0095F749 /* ViewController.swift in Sources */ = {isa = PBXBuildFile; fileRef = A25E60C91E6D713B0095F749 /* ViewController.swift */; };
		A25E60CD1E6D713B0095F749 /* Main.storyboard in Resources */ = {isa = PBXBuildFile; fileRef = A25E60CB1E6D713B0095F749 /* Main.storyboard */; };
		A25E60CF1E6D713B0095F749 /* Assets.xcassets in Resources */ = {isa = PBXBuildFile; fileRef = A25E60CE1E6D713B0095F749 /* Assets.xcassets */; };
		A25E60D21E6D713B0095F749 /* LaunchScreen.storyboard in Resources */ = {isa = PBXBuildFile; fileRef = A25E60D01E6D713B0095F749 /* LaunchScreen.storyboard */; };
		A25E60DD1E6D713B0095F749 /* xxxTests.swift in Sources */ = {isa = PBXBuildFile; fileRef = A25E60DC1E6D713B0095F749 /* xxxTests.swift */; };
		A25E60E81E6D713B0095F749 /* xxxUITests.swift in Sources */ = {isa = PBXBuildFile; fileRef = A25E60E71E6D713B0095F749 /* xxxUITests.swift */; };
		A25E60F61E6D746B0095F749 /* SnapshotHelper2-3.swift in Sources */ = {isa = PBXBuildFile; fileRef = A25E60F51E6D746B0095F749 /* SnapshotHelper2-3.swift */; };
		AA5282B882B39326AEC92106 /* Pods_xxxTests.framework in Frameworks */ = {isa = PBXBuildFile; fileRef = 93626B048BF58CD7684F4F3F /* Pods_xxxTests.framework */; };
/* End PBXBuildFile section */

/* Begin PBXContainerItemProxy section */
		A25E60D91E6D713B0095F749 /* PBXContainerItemProxy */ = {
			isa = PBXContainerItemProxy;
			containerPortal = A25E60BC1E6D713A0095F749 /* Project object */;
			proxyType = 1;
			remoteGlobalIDString = A25E60C31E6D713B0095F749;
			remoteInfo = xxx;
		};
		A25E60E41E6D713B0095F749 /* PBXContainerItemProxy */ = {
			isa = PBXContainerItemProxy;
			containerPortal = A25E60BC1E6D713A0095F749 /* Project object */;
			proxyType = 1;
			remoteGlobalIDString = A25E60C31E6D713B0095F749;
			remoteInfo = xxx;
		};
/* End PBXContainerItemProxy section */

/* Begin PBXFileReference section */
		0217441A559635AF8E4CE0DF /* Pods-xxxUITests.debug.xcconfig */ = {isa = PBXFileReference; includeInIndex = 1; lastKnownFileType = text.xcconfig; name = "Pods-xxxUITests.debug.xcconfig"; path = "Pods/Target Support Files/Pods-xxxUITests/Pods-xxxUITests.debug.xcconfig"; sourceTree = "<group>"; };
		5D431B22BFFBA4BFAEFD90CE /* Pods-xxxTests.release.xcconfig */ = {isa = PBXFileReference; includeInIndex = 1; lastKnownFileType = text.xcconfig; name = "Pods-xxxTests.release.xcconfig"; path = "Pods/Target Support Files/Pods-xxxTests/Pods-xxxTests.release.xcconfig"; sourceTree = "<group>"; };
		5F6039E1666FC391A2D0475E /* Pods-xxxTests.debug.xcconfig */ = {isa = PBXFileReference; includeInIndex = 1; lastKnownFileType = text.xcconfig; name = "Pods-xxxTests.debug.xcconfig"; path = "Pods/Target Support Files/Pods-xxxTests/Pods-xxxTests.debug.xcconfig"; sourceTree = "<group>"; };
		61864407AB4425D1B6589B65 /* Pods_xxxUITests.framework */ = {isa = PBXFileReference; explicitFileType = wrapper.framework; includeInIndex = 0; path = Pods_xxxUITests.framework; sourceTree = BUILT_PRODUCTS_DIR; };
		714841769554F92CEBF82CEF /* Pods-xxxUITests.release.xcconfig */ = {isa = PBXFileReference; includeInIndex = 1; lastKnownFileType = text.xcconfig; name = "Pods-xxxUITests.release.xcconfig"; path = "Pods/Target Support Files/Pods-xxxUITests/Pods-xxxUITests.release.xcconfig"; sourceTree = "<group>"; };
		93626B048BF58CD7684F4F3F /* Pods_xxxTests.framework */ = {isa = PBXFileReference; explicitFileType = wrapper.framework; includeInIndex = 0; path = Pods_xxxTests.framework; sourceTree = BUILT_PRODUCTS_DIR; };
		A25E60C41E6D713B0095F749 /* xxx.app */ = {isa = PBXFileReference; explicitFileType = wrapper.application; includeInIndex = 0; path = xxx.app; sourceTree = BUILT_PRODUCTS_DIR; };
		A25E60C71E6D713B0095F749 /* AppDelegate.swift */ = {isa = PBXFileReference; lastKnownFileType = sourcecode.swift; path = AppDelegate.swift; sourceTree = "<group>"; };
		A25E60C91E6D713B0095F749 /* ViewController.swift */ = {isa = PBXFileReference; lastKnownFileType = sourcecode.swift; path = ViewController.swift; sourceTree = "<group>"; };
		A25E60CC1E6D713B0095F749 /* Base */ = {isa = PBXFileReference; lastKnownFileType = file.storyboard; name = Base; path = Base.lproj/Main.storyboard; sourceTree = "<group>"; };
		A25E60CE1E6D713B0095F749 /* Assets.xcassets */ = {isa = PBXFileReference; lastKnownFileType = folder.assetcatalog; path = Assets.xcassets; sourceTree = "<group>"; };
		A25E60D11E6D713B0095F749 /* Base */ = {isa = PBXFileReference; lastKnownFileType = file.storyboard; name = Base; path = Base.lproj/LaunchScreen.storyboard; sourceTree = "<group>"; };
		A25E60D31E6D713B0095F749 /* Info.plist */ = {isa = PBXFileReference; lastKnownFileType = text.plist.xml; path = Info.plist; sourceTree = "<group>"; };
		A25E60D81E6D713B0095F749 /* xxxTests.xctest */ = {isa = PBXFileReference; explicitFileType = wrapper.cfbundle; includeInIndex = 0; path = xxxTests.xctest; sourceTree = BUILT_PRODUCTS_DIR; };
		A25E60DC1E6D713B0095F749 /* xxxTests.swift */ = {isa = PBXFileReference; lastKnownFileType = sourcecode.swift; path = xxxTests.swift; sourceTree = "<group>"; };
		A25E60DE1E6D713B0095F749 /* Info.plist */ = {isa = PBXFileReference; lastKnownFileType = text.plist.xml; path = Info.plist; sourceTree = "<group>"; };
		A25E60E31E6D713B0095F749 /* xxxUITests.xctest */ = {isa = PBXFileReference; explicitFileType = wrapper.cfbundle; includeInIndex = 0; path = xxxUITests.xctest; sourceTree = BUILT_PRODUCTS_DIR; };
		A25E60E71E6D713B0095F749 /* xxxUITests.swift */ = {isa = PBXFileReference; lastKnownFileType = sourcecode.swift; path = xxxUITests.swift; sourceTree = "<group>"; };
		A25E60E91E6D713B0095F749 /* Info.plist */ = {isa = PBXFileReference; lastKnownFileType = text.plist.xml; path = Info.plist; sourceTree = "<group>"; };
		A25E60F51E6D746B0095F749 /* SnapshotHelper2-3.swift */ = {isa = PBXFileReference; fileEncoding = 4; lastKnownFileType = sourcecode.swift; path = "SnapshotHelper2-3.swift"; sourceTree = "<group>"; };
/* End PBXFileReference section */

/* Begin PBXFrameworksBuildPhase section */
		A25E60C11E6D713B0095F749 /* Frameworks */ = {
			isa = PBXFrameworksBuildPhase;
			buildActionMask = 2147483647;
			files = (
			);
			runOnlyForDeploymentPostprocessing = 0;
		};
		A25E60D51E6D713B0095F749 /* Frameworks */ = {
			isa = PBXFrameworksBuildPhase;
			buildActionMask = 2147483647;
			files = (
				AA5282B882B39326AEC92106 /* Pods_xxxTests.framework in Frameworks */,
			);
			runOnlyForDeploymentPostprocessing = 0;
		};
		A25E60E01E6D713B0095F749 /* Frameworks */ = {
			isa = PBXFrameworksBuildPhase;
			buildActionMask = 2147483647;
			files = (
				7C31AC683ECCBAEF441F53E7 /* Pods_xxxUITests.framework in Frameworks */,
			);
			runOnlyForDeploymentPostprocessing = 0;
		};
/* End PBXFrameworksBuildPhase section */

/* Begin PBXGroup section */
		932DB9AC67AF710DF2F7837C /* Pods */ = {
			isa = PBXGroup;
			children = (
				5F6039E1666FC391A2D0475E /* Pods-xxxTests.debug.xcconfig */,
				5D431B22BFFBA4BFAEFD90CE /* Pods-xxxTests.release.xcconfig */,
				0217441A559635AF8E4CE0DF /* Pods-xxxUITests.debug.xcconfig */,
				714841769554F92CEBF82CEF /* Pods-xxxUITests.release.xcconfig */,
			);
			name = Pods;
			sourceTree = "<group>";
		};
		A25E60BB1E6D713A0095F749 = {
			isa = PBXGroup;
			children = (
				A25E60C61E6D713B0095F749 /* xxx */,
				A25E60DB1E6D713B0095F749 /* xxxTests */,
				A25E60E61E6D713B0095F749 /* xxxUITests */,
				A25E60C51E6D713B0095F749 /* Products */,
				932DB9AC67AF710DF2F7837C /* Pods */,
				D16B9EAF7EBEF5A371AA9264 /* Frameworks */,
			);
			sourceTree = "<group>";
		};
		A25E60C51E6D713B0095F749 /* Products */ = {
			isa = PBXGroup;
			children = (
				A25E60C41E6D713B0095F749 /* xxx.app */,
				A25E60D81E6D713B0095F749 /* xxxTests.xctest */,
				A25E60E31E6D713B0095F749 /* xxxUITests.xctest */,
			);
			name = Products;
			sourceTree = "<group>";
		};
		A25E60C61E6D713B0095F749 /* xxx */ = {
			isa = PBXGroup;
			children = (
				A25E60C71E6D713B0095F749 /* AppDelegate.swift */,
				A25E60C91E6D713B0095F749 /* ViewController.swift */,
				A25E60CB1E6D713B0095F749 /* Main.storyboard */,
				A25E60CE1E6D713B0095F749 /* Assets.xcassets */,
				A25E60D01E6D713B0095F749 /* LaunchScreen.storyboard */,
				A25E60D31E6D713B0095F749 /* Info.plist */,
			);
			path = xxx;
			sourceTree = "<group>";
		};
		A25E60DB1E6D713B0095F749 /* xxxTests */ = {
			isa = PBXGroup;
			children = (
				A25E60DC1E6D713B0095F749 /* xxxTests.swift */,
				A25E60DE1E6D713B0095F749 /* Info.plist */,
			);
			path = xxxTests;
			sourceTree = "<group>";
		};
		A25E60E61E6D713B0095F749 /* xxxUITests */ = {
			isa = PBXGroup;
			children = (
				A25E60F51E6D746B0095F749 /* SnapshotHelper2-3.swift */,
				A25E60E71E6D713B0095F749 /* xxxUITests.swift */,
				A25E60E91E6D713B0095F749 /* Info.plist */,
			);
			path = xxxUITests;
			sourceTree = "<group>";
		};
		D16B9EAF7EBEF5A371AA9264 /* Frameworks */ = {
			isa = PBXGroup;
			children = (
				93626B048BF58CD7684F4F3F /* Pods_xxxTests.framework */,
				61864407AB4425D1B6589B65 /* Pods_xxxUITests.framework */,
			);
			name = Frameworks;
			sourceTree = "<group>";
		};
/* End PBXGroup section */

/* Begin PBXNativeTarget section */
		A25E60C31E6D713B0095F749 /* xxx */ = {
			isa = PBXNativeTarget;
			buildConfigurationList = A25E60EC1E6D713B0095F749 /* Build configuration list for PBXNativeTarget "xxx" */;
			buildPhases = (
				A25E60C01E6D713B0095F749 /* Sources */,
				A25E60C11E6D713B0095F749 /* Frameworks */,
				A25E60C21E6D713B0095F749 /* Resources */,
			);
			buildRules = (
			);
			dependencies = (
			);
			name = xxx;
			productName = xxx;
			productReference = A25E60C41E6D713B0095F749 /* xxx.app */;
			productType = "com.apple.product-type.application";
		};
		A25E60D71E6D713B0095F749 /* xxxTests */ = {
			isa = PBXNativeTarget;
			buildConfigurationList = A25E60EF1E6D713B0095F749 /* Build configuration list for PBXNativeTarget "xxxTests" */;
			buildPhases = (
				C3BBAB3E80F33DB6D47B35AF /* [CP] Check Pods Manifest.lock */,
				A25E60D41E6D713B0095F749 /* Sources */,
				A25E60D51E6D713B0095F749 /* Frameworks */,
				A25E60D61E6D713B0095F749 /* Resources */,
				12E5001AC228348628FCB6C4 /* [CP] Embed Pods Frameworks */,
				61519751A2562DE9FB55BF27 /* [CP] Copy Pods Resources */,
			);
			buildRules = (
			);
			dependencies = (
				A25E60DA1E6D713B0095F749 /* PBXTargetDependency */,
			);
			name = xxxTests;
			productName = xxxTests;
			productReference = A25E60D81E6D713B0095F749 /* xxxTests.xctest */;
			productType = "com.apple.product-type.bundle.unit-test";
		};
		A25E60E21E6D713B0095F749 /* xxxUITests */ = {
			isa = PBXNativeTarget;
			buildConfigurationList = A25E60F21E6D713B0095F749 /* Build configuration list for PBXNativeTarget "xxxUITests" */;
			buildPhases = (
				EACDBDC2F0E58D999C5DE9F9 /* [CP] Check Pods Manifest.lock */,
				A25E60DF1E6D713B0095F749 /* Sources */,
				A25E60E01E6D713B0095F749 /* Frameworks */,
				A25E60E11E6D713B0095F749 /* Resources */,
				0B7FED40D7AE78C821D5BBD6 /* [CP] Copy Pods Resources */,
				F8EEF5CE858A3A72FF34A9DA /* [CP] Embed Pods Frameworks */,
			);
			buildRules = (
			);
			dependencies = (
				A25E60E51E6D713B0095F749 /* PBXTargetDependency */,
			);
			name = xxxUITests;
			productName = xxxUITests;
			productReference = A25E60E31E6D713B0095F749 /* xxxUITests.xctest */;
			productType = "com.apple.product-type.bundle.ui-testing";
		};
/* End PBXNativeTarget section */

/* Begin PBXProject section */
		A25E60BC1E6D713A0095F749 /* Project object */ = {
			isa = PBXProject;
			attributes = {
				LastSwiftUpdateCheck = 0730;
				LastUpgradeCheck = 0730;
				ORGANIZATIONNAME = ___UP1___;
				TargetAttributes = {
					A25E60C31E6D713B0095F749 = {
						CreatedOnToolsVersion = 7.3.1;
					};
					A25E60D71E6D713B0095F749 = {
						CreatedOnToolsVersion = 7.3.1;
						TestTargetID = A25E60C31E6D713B0095F749;
					};
					A25E60E21E6D713B0095F749 = {
						CreatedOnToolsVersion = 7.3.1;
						TestTargetID = A25E60C31E6D713B0095F749;
					};
				};
			};
			buildConfigurationList = A25E60BF1E6D713A0095F749 /* Build configuration list for PBXProject "xxx" */;
			compatibilityVersion = "Xcode 3.2";
			developmentRegion = English;
			hasScannedForEncodings = 0;
			knownRegions = (
				en,
				Base,
			);
			mainGroup = A25E60BB1E6D713A0095F749;
			productRefGroup = A25E60C51E6D713B0095F749 /* Products */;
			projectDirPath = "";
			projectRoot = "";
			targets = (
				A25E60C31E6D713B0095F749 /* xxx */,
				A25E60D71E6D713B0095F749 /* xxxTests */,
				A25E60E21E6D713B0095F749 /* xxxUITests */,
			);
		};
/* End PBXProject section */

/* Begin PBXResourcesBuildPhase section */
		A25E60C21E6D713B0095F749 /* Resources */ = {
			isa = PBXResourcesBuildPhase;
			buildActionMask = 2147483647;
			files = (
				A25E60D21E6D713B0095F749 /* LaunchScreen.storyboard in Resources */,
				A25E60CF1E6D713B0095F749 /* Assets.xcassets in Resources */,
				A25E60CD1E6D713B0095F749 /* Main.storyboard in Resources */,
			);
			runOnlyForDeploymentPostprocessing = 0;
		};
		A25E60D61E6D713B0095F749 /* Resources */ = {
			isa = PBXResourcesBuildPhase;
			buildActionMask = 2147483647;
			files = (
			);
			runOnlyForDeploymentPostprocessing = 0;
		};
		A25E60E11E6D713B0095F749 /* Resources */ = {
			isa = PBXResourcesBuildPhase;
			buildActionMask = 2147483647;
			files = (
			);
			runOnlyForDeploymentPostprocessing = 0;
		};
/* End PBXResourcesBuildPhase section */

/* Begin PBXShellScriptBuildPhase section */
		0B7FED40D7AE78C821D5BBD6 /* [CP] Copy Pods Resources */ = {
			isa = PBXShellScriptBuildPhase;
			buildActionMask = 2147483647;
			files = (
			);
			inputPaths = (
			);
			name = "[CP] Copy Pods Resources";
			outputPaths = (
			);
			runOnlyForDeploymentPostprocessing = 0;
			shellPath = /bin/sh;
			shellScript = "\"${SRCROOT}/Pods/Target Support Files/Pods-xxxUITests/Pods-xxxUITests-resources.sh\"\n";
			showEnvVarsInLog = 0;
		};
		12E5001AC228348628FCB6C4 /* [CP] Embed Pods Frameworks */ = {
			isa = PBXShellScriptBuildPhase;
			buildActionMask = 2147483647;
			files = (
			);
			inputPaths = (
			);
			name = "[CP] Embed Pods Frameworks";
			outputPaths = (
			);
			runOnlyForDeploymentPostprocessing = 0;
			shellPath = /bin/sh;
			shellScript = "\"${SRCROOT}/Pods/Target Support Files/Pods-xxxTests/Pods-xxxTests-frameworks.sh\"\n";
			showEnvVarsInLog = 0;
		};
		61519751A2562DE9FB55BF27 /* [CP] Copy Pods Resources */ = {
			isa = PBXShellScriptBuildPhase;
			buildActionMask = 2147483647;
			files = (
			);
			inputPaths = (
			);
			name = "[CP] Copy Pods Resources";
			outputPaths = (
			);
			runOnlyForDeploymentPostprocessing = 0;
			shellPath = /bin/sh;
			shellScript = "\"${SRCROOT}/Pods/Target Support Files/Pods-xxxTests/Pods-xxxTests-resources.sh\"\n";
			showEnvVarsInLog = 0;
		};
		C3BBAB3E80F33DB6D47B35AF /* [CP] Check Pods Manifest.lock */ = {
			isa = PBXShellScriptBuildPhase;
			buildActionMask = 2147483647;
			files = (
			);
			inputPaths = (
			);
			name = "[CP] Check Pods Manifest.lock";
			outputPaths = (
			);
			runOnlyForDeploymentPostprocessing = 0;
			shellPath = /bin/sh;
			shellScript = "diff \"${PODS_ROOT}/../Podfile.lock\" \"${PODS_ROOT}/Manifest.lock\" > /dev/null\nif [ $? != 0 ] ; then\n    # print error to STDERR\n    echo \"error: The sandbox is not in sync with the Podfile.lock. Run 'pod install' or update your CocoaPods installation.\" >&2\n    exit 1\nfi\n";
			showEnvVarsInLog = 0;
		};
		EACDBDC2F0E58D999C5DE9F9 /* [CP] Check Pods Manifest.lock */ = {
			isa = PBXShellScriptBuildPhase;
			buildActionMask = 2147483647;
			files = (
			);
			inputPaths = (
			);
			name = "[CP] Check Pods Manifest.lock";
			outputPaths = (
			);
			runOnlyForDeploymentPostprocessing = 0;
			shellPath = /bin/sh;
			shellScript = "diff \"${PODS_ROOT}/../Podfile.lock\" \"${PODS_ROOT}/Manifest.lock\" > /dev/null\nif [ $? != 0 ] ; then\n    # print error to STDERR\n    echo \"error: The sandbox is not in sync with the Podfile.lock. Run 'pod install' or update your CocoaPods installation.\" >&2\n    exit 1\nfi\n";
			showEnvVarsInLog = 0;
		};
		F8EEF5CE858A3A72FF34A9DA /* [CP] Embed Pods Frameworks */ = {
			isa = PBXShellScriptBuildPhase;
			buildActionMask = 2147483647;
			files = (
			);
			inputPaths = (
			);
			name = "[CP] Embed Pods Frameworks";
			outputPaths = (
			);
			runOnlyForDeploymentPostprocessing = 0;
			shellPath = /bin/sh;
			shellScript = "\"${SRCROOT}/Pods/Target Support Files/Pods-xxxUITests/Pods-xxxUITests-frameworks.sh\"\n";
			showEnvVarsInLog = 0;
		};
/* End PBXShellScriptBuildPhase section */

/* Begin PBXSourcesBuildPhase section */
		A25E60C01E6D713B0095F749 /* Sources */ = {
			isa = PBXSourcesBuildPhase;
			buildActionMask = 2147483647;
			files = (
				A25E60CA1E6D713B0095F749 /* ViewController.swift in Sources */,
				A25E60C81E6D713B0095F749 /* AppDelegate.swift in Sources */,
			);
			runOnlyForDeploymentPostprocessing = 0;
		};
		A25E60D41E6D713B0095F749 /* Sources */ = {
			isa = PBXSourcesBuildPhase;
			buildActionMask = 2147483647;
			files = (
				A25E60DD1E6D713B0095F749 /* xxxTests.swift in Sources */,
			);
			runOnlyForDeploymentPostprocessing = 0;
		};
		A25E60DF1E6D713B0095F749 /* Sources */ = {
			isa = PBXSourcesBuildPhase;
			buildActionMask = 2147483647;
			files = (
				A25E60F61E6D746B0095F749 /* SnapshotHelper2-3.swift in Sources */,
				A25E60E81E6D713B0095F749 /* xxxUITests.swift in Sources */,
			);
			runOnlyForDeploymentPostprocessing = 0;
		};
/* End PBXSourcesBuildPhase section */

/* Begin PBXTargetDependency section */
		A25E60DA1E6D713B0095F749 /* PBXTargetDependency */ = {
			isa = PBXTargetDependency;
			target = A25E60C31E6D713B0095F749 /* xxx */;
			targetProxy = A25E60D91E6D713B0095F749 /* PBXContainerItemProxy */;
		};
		A25E60E51E6D713B0095F749 /* PBXTargetDependency */ = {
			isa = PBXTargetDependency;
			target = A25E60C31E6D713B0095F749 /* xxx */;
			targetProxy = A25E60E41E6D713B0095F749 /* PBXContainerItemProxy */;
		};
/* End PBXTargetDependency section */

/* Begin PBXVariantGroup section */
		A25E60CB1E6D713B0095F749 /* Main.storyboard */ = {
			isa = PBXVariantGroup;
			children = (
				A25E60CC1E6D713B0095F749 /* Base */,
			);
			name = Main.storyboard;
			sourceTree = "<group>";
		};
		A25E60D01E6D713B0095F749 /* LaunchScreen.storyboard */ = {
			isa = PBXVariantGroup;
			children = (
				A25E60D11E6D713B0095F749 /* Base */,
			);
			name = LaunchScreen.storyboard;
			sourceTree = "<group>";
		};
/* End PBXVariantGroup section */

/* Begin XCBuildConfiguration section */
		A25E60EA1E6D713B0095F749 /* Debug */ = {
			isa = XCBuildConfiguration;
			buildSettings = {
				ALWAYS_SEARCH_USER_PATHS = NO;
				CLANG_ANALYZER_NONNULL = YES;
				CLANG_CXX_LANGUAGE_STANDARD = "gnu++0x";
				CLANG_CXX_LIBRARY = "libc++";
				CLANG_ENABLE_MODULES = YES;
				CLANG_ENABLE_OBJC_ARC = YES;
				CLANG_WARN_BOOL_CONVERSION = YES;
				CLANG_WARN_CONSTANT_CONVERSION = YES;
				CLANG_WARN_DIRECT_OBJC_ISA_USAGE = YES_ERROR;
				CLANG_WARN_EMPTY_BODY = YES;
				CLANG_WARN_ENUM_CONVERSION = YES;
				CLANG_WARN_INT_CONVERSION = YES;
				CLANG_WARN_OBJC_ROOT_CLASS = YES_ERROR;
				CLANG_WARN_UNREACHABLE_CODE = YES;
				CLANG_WARN__DUPLICATE_METHOD_MATCH = YES;
				"CODE_SIGN_IDENTITY[sdk=iphoneos*]" = "iPhone Developer";
				COPY_PHASE_STRIP = NO;
				DEBUG_INFORMATION_FORMAT = dwarf;
				ENABLE_STRICT_OBJC_MSGSEND = YES;
				ENABLE_TESTABILITY = YES;
				GCC_C_LANGUAGE_STANDARD = gnu99;
				GCC_DYNAMIC_NO_PIC = NO;
				GCC_NO_COMMON_BLOCKS = YES;
				GCC_OPTIMIZATION_LEVEL = 0;
				GCC_PREPROCESSOR_DEFINITIONS = (
					"DEBUG=1",
					"$(inherited)",
				);
				GCC_WARN_64_TO_32_BIT_CONVERSION = YES;
				GCC_WARN_ABOUT_RETURN_TYPE = YES_ERROR;
				GCC_WARN_UNDECLARED_SELECTOR = YES;
				GCC_WARN_UNINITIALIZED_AUTOS = YES_AGGRESSIVE;
				GCC_WARN_UNUSED_FUNCTION = YES;
				GCC_WARN_UNUSED_VARIABLE = YES;
				IPHONEOS_DEPLOYMENT_TARGET = 9.3;
				MTL_ENABLE_DEBUG_INFO = YES;
				ONLY_ACTIVE_ARCH = YES;
				SDKROOT = iphoneos;
				SWIFT_OPTIMIZATION_LEVEL = "-Onone";
				TARGETED_DEVICE_FAMILY = "1,2";
			};
			name = Debug;
		};
		A25E60EB1E6D713B0095F749 /* Release */ = {
			isa = XCBuildConfiguration;
			buildSettings = {
				ALWAYS_SEARCH_USER_PATHS = NO;
				CLANG_ANALYZER_NONNULL = YES;
				CLANG_CXX_LANGUAGE_STANDARD = "gnu++0x";
				CLANG_CXX_LIBRARY = "libc++";
				CLANG_ENABLE_MODULES = YES;
				CLANG_ENABLE_OBJC_ARC = YES;
				CLANG_WARN_BOOL_CONVERSION = YES;
				CLANG_WARN_CONSTANT_CONVERSION = YES;
				CLANG_WARN_DIRECT_OBJC_ISA_USAGE = YES_ERROR;
				CLANG_WARN_EMPTY_BODY = YES;
				CLANG_WARN_ENUM_CONVERSION = YES;
				CLANG_WARN_INT_CONVERSION = YES;
				CLANG_WARN_OBJC_ROOT_CLASS = YES_ERROR;
				CLANG_WARN_UNREACHABLE_CODE = YES;
				CLANG_WARN__DUPLICATE_METHOD_MATCH = YES;
				"CODE_SIGN_IDENTITY[sdk=iphoneos*]" = "iPhone Developer";
				COPY_PHASE_STRIP = NO;
				DEBUG_INFORMATION_FORMAT = "dwarf-with-dsym";
				ENABLE_NS_ASSERTIONS = NO;
				ENABLE_STRICT_OBJC_MSGSEND = YES;
				GCC_C_LANGUAGE_STANDARD = gnu99;
				GCC_NO_COMMON_BLOCKS = YES;
				GCC_WARN_64_TO_32_BIT_CONVERSION = YES;
				GCC_WARN_ABOUT_RETURN_TYPE = YES_ERROR;
				GCC_WARN_UNDECLARED_SELECTOR = YES;
				GCC_WARN_UNINITIALIZED_AUTOS = YES_AGGRESSIVE;
				GCC_WARN_UNUSED_FUNCTION = YES;
				GCC_WARN_UNUSED_VARIABLE = YES;
				IPHONEOS_DEPLOYMENT_TARGET = 9.3;
				MTL_ENABLE_DEBUG_INFO = NO;
				SDKROOT = iphoneos;
				TARGETED_DEVICE_FAMILY = "1,2";
				VALIDATE_PRODUCT = YES;
			};
			name = Release;
		};
		A25E60ED1E6D713B0095F749 /* Debug */ = {
			isa = XCBuildConfiguration;
			buildSettings = {
				ASSETCATALOG_COMPILER_APPICON_NAME = AppIcon;
				INFOPLIST_FILE = xxx/Info.plist;
				LD_RUNPATH_SEARCH_PATHS = "$(inherited) @executable_path/Frameworks";
				PRODUCT_BUNDLE_IDENTIFIER = up1.xxx;
				PRODUCT_NAME = "$(TARGET_NAME)";
			};
			name = Debug;
		};
		A25E60EE1E6D713B0095F749 /* Release */ = {
			isa = XCBuildConfiguration;
			buildSettings = {
				ASSETCATALOG_COMPILER_APPICON_NAME = AppIcon;
				INFOPLIST_FILE = xxx/Info.plist;
				LD_RUNPATH_SEARCH_PATHS = "$(inherited) @executable_path/Frameworks";
				PRODUCT_BUNDLE_IDENTIFIER = up1.xxx;
				PRODUCT_NAME = "$(TARGET_NAME)";
			};
			name = Release;
		};
		A25E60F01E6D713B0095F749 /* Debug */ = {
			isa = XCBuildConfiguration;
			baseConfigurationReference = 5F6039E1666FC391A2D0475E /* Pods-xxxTests.debug.xcconfig */;
			buildSettings = {
				BUNDLE_LOADER = "$(TEST_HOST)";
				INFOPLIST_FILE = xxxTests/Info.plist;
				LD_RUNPATH_SEARCH_PATHS = "$(inherited) @executable_path/Frameworks @loader_path/Frameworks";
				PRODUCT_BUNDLE_IDENTIFIER = up1.xxxTests;
				PRODUCT_NAME = "$(TARGET_NAME)";
				TEST_HOST = "$(BUILT_PRODUCTS_DIR)/xxx.app/xxx";
			};
			name = Debug;
		};
		A25E60F11E6D713B0095F749 /* Release */ = {
			isa = XCBuildConfiguration;
			baseConfigurationReference = 5D431B22BFFBA4BFAEFD90CE /* Pods-xxxTests.release.xcconfig */;
			buildSettings = {
				BUNDLE_LOADER = "$(TEST_HOST)";
				INFOPLIST_FILE = xxxTests/Info.plist;
				LD_RUNPATH_SEARCH_PATHS = "$(inherited) @executable_path/Frameworks @loader_path/Frameworks";
				PRODUCT_BUNDLE_IDENTIFIER = up1.xxxTests;
				PRODUCT_NAME = "$(TARGET_NAME)";
				TEST_HOST = "$(BUILT_PRODUCTS_DIR)/xxx.app/xxx";
			};
			name = Release;
		};
		A25E60F31E6D713B0095F749 /* Debug */ = {
			isa = XCBuildConfiguration;
			baseConfigurationReference = 0217441A559635AF8E4CE0DF /* Pods-xxxUITests.debug.xcconfig */;
			buildSettings = {
				INFOPLIST_FILE = xxxUITests/Info.plist;
				LD_RUNPATH_SEARCH_PATHS = "$(inherited) @executable_path/Frameworks @loader_path/Frameworks";
				PRODUCT_BUNDLE_IDENTIFIER = up1.xxxUITests;
				PRODUCT_NAME = "$(TARGET_NAME)";
				TEST_TARGET_NAME = xxx;
			};
			name = Debug;
		};
		A25E60F41E6D713B0095F749 /* Release */ = {
			isa = XCBuildConfiguration;
			baseConfigurationReference = 714841769554F92CEBF82CEF /* Pods-xxxUITests.release.xcconfig */;
			buildSettings = {
				INFOPLIST_FILE = xxxUITests/Info.plist;
				LD_RUNPATH_SEARCH_PATHS = "$(inherited) @executable_path/Frameworks @loader_path/Frameworks";
				PRODUCT_BUNDLE_IDENTIFIER = up1.xxxUITests;
				PRODUCT_NAME = "$(TARGET_NAME)";
				TEST_TARGET_NAME = xxx;
			};
			name = Release;
		};
/* End XCBuildConfiguration section */

/* Begin XCConfigurationList section */
		A25E60BF1E6D713A0095F749 /* Build configuration list for PBXProject "xxx" */ = {
			isa = XCConfigurationList;
			buildConfigurations = (
				A25E60EA1E6D713B0095F749 /* Debug */,
				A25E60EB1E6D713B0095F749 /* Release */,
			);
			defaultConfigurationIsVisible = 0;
			defaultConfigurationName = Release;
		};
		A25E60EC1E6D713B0095F749 /* Build configuration list for PBXNativeTarget "xxx" */ = {
			isa = XCConfigurationList;
			buildConfigurations = (
				A25E60ED1E6D713B0095F749 /* Debug */,
				A25E60EE1E6D713B0095F749 /* Release */,
			);
			defaultConfigurationIsVisible = 0;
			defaultConfigurationName = Release;
		};
		A25E60EF1E6D713B0095F749 /* Build configuration list for PBXNativeTarget "xxxTests" */ = {
			isa = XCConfigurationList;
			buildConfigurations = (
				A25E60F01E6D713B0095F749 /* Debug */,
				A25E60F11E6D713B0095F749 /* Release */,
			);
			defaultConfigurationIsVisible = 0;
			defaultConfigurationName = Release;
		};
		A25E60F21E6D713B0095F749 /* Build configuration list for PBXNativeTarget "xxxUITests" */ = {
			isa = XCConfigurationList;
			buildConfigurations = (
				A25E60F31E6D713B0095F749 /* Debug */,
				A25E60F41E6D713B0095F749 /* Release */,
			);
			defaultConfigurationIsVisible = 0;
			defaultConfigurationName = Release;
		};
/* End XCConfigurationList section */
	};
	rootObject = A25E60BC1E6D713A0095F749 /* Project object */;
}
